
Microsoft Visual Studio Solution File, Format Version 12.00
# Visual Studio Version 17
VisualStudioVersion = 17.4.33110.190
MinimumVisualStudioVersion = 10.0.40219.1
Project("{8BC9CEB8-8B4A-11D0-8D11-00A0C91BC942}") = "cyclOps", "\\aenprdcliciis\chOps\c\vs2022\cyclOps\cyclOps.vcxproj", "{B620F530-A41D-4615-92A5-8C76F5BEFD67}"
EndProject
Project("{8BC9CEB8-8B4A-11D0-8D11-00A0C91BC942}") = "TemplateProject", "\\aenprdcliciis\chOps\c\vs2022\TemplateProject\TemplateProject.vcxproj", "{1318EB09-3C47-4055-93F4-0EE7541737C5}"
EndProject
Project("{8BC9CEB8-8B4A-11D0-8D11-00A0C91BC942}") = "whoOps", "\\aenprdcliciis\chOps\c\vs2022\whoOps\whoOps.vcxproj", "{CB8F3A4D-C85F-48B3-8CAB-53DA3C974246}"
EndProject
Project("{8BC9CEB8-8B4A-11D0-8D11-00A0C91BC942}") = "slOps", "\\aenprdcliciis\chOps\c\vs2022\slOps\slOps.vcxproj", "{69832440-8C5B-43A4-A966-55DDA7E21622}"
EndProject
Project("{8BC9CEB8-8B4A-11D0-8D11-00A0C91BC942}") = "drOpsDeployComponent", "drOpsDeployComponent\drOpsDeployComponent.vcxproj", "{084E6EB9-160D-4D48-B892-9ADE7197D037}"
EndProject
Project("{8BC9CEB8-8B4A-11D0-8D11-00A0C91BC942}") = "drOps", "drOps\drOps.vcxproj", "{3FC445C5-E82B-478A-B277-7E7E3BEE0A65}"
EndProject
Project("{8BC9CEB8-8B4A-11D0-8D11-00A0C91BC942}") = "crOpsPusher", "crOpsPusher\crOpsPusher.vcxproj", "{3D9B93D7-96B6-415B-852A-1A9F4ED421B4}"
EndProject
Project("{8BC9CEB8-8B4A-11D0-8D11-00A0C91BC942}") = "crOps", "crOps\crOps.vcxproj", "{28DFBD37-BDD8-4E87-B7E7-9CBC467B80FF}"
EndProject
Project("{8BC9CEB8-8B4A-11D0-8D11-00A0C91BC942}") = "Tester", "Tester\Tester.vcxproj", "{7C164C52-2715-4094-A5E9-D04EFB1C79FD}"
EndProject
Project("{8BC9CEB8-8B4A-11D0-8D11-00A0C91BC942}") = "LDAPExport", "LDAPExport\LDAPExport.vcxproj", "{08F547D9-46B8-48F9-A417-DE71BAC6D4CD}"
EndProject
Project("{8BC9CEB8-8B4A-11D0-8D11-00A0C91BC942}") = "LDAPDump", "LDAPDump\LDAPDump.vcxproj", "{7CA5A7BA-362F-4E98-A562-4520D2A2A447}"
EndProject
Project("{8BC9CEB8-8B4A-11D0-8D11-00A0C91BC942}") = "LDAPQuery", "LDAPQuery\LDAPQuery.vcxproj", "{32688E04-A113-4D50-B728-EB854088E6C5}"
EndProject
Project("{8BC9CEB8-8B4A-11D0-8D11-00A0C91BC942}") = "UTF-16toSTDOUT", "UTF-16toSTDOUT\UTF-16toSTDOUT.vcxproj", "{A965EBF5-7EB6-4B2D-AC89-BDBB8DD2ED3E}"
EndProject
Global
	GlobalSection(SolutionConfigurationPlatforms) = preSolution
		Debug|x64 = Debug|x64
		Debug|x86 = Debug|x86
		Release|x64 = Release|x64
		Release|x86 = Release|x86
	EndGlobalSection
	GlobalSection(ProjectConfigurationPlatforms) = postSolution
		{B620F530-A41D-4615-92A5-8C76F5BEFD67}.Debug|x64.ActiveCfg = Debug|x64
		{B620F530-A41D-4615-92A5-8C76F5BEFD67}.Debug|x64.Build.0 = Debug|x64
		{B620F530-A41D-4615-92A5-8C76F5BEFD67}.Debug|x86.ActiveCfg = Debug|Win32
		{B620F530-A41D-4615-92A5-8C76F5BEFD67}.Debug|x86.Build.0 = Debug|Win32
		{B620F530-A41D-4615-92A5-8C76F5BEFD67}.Release|x64.ActiveCfg = Release|x64
		{B620F530-A41D-4615-92A5-8C76F5BEFD67}.Release|x64.Build.0 = Release|x64
		{B620F530-A41D-4615-92A5-8C76F5BEFD67}.Release|x86.ActiveCfg = Release|Win32
		{B620F530-A41D-4615-92A5-8C76F5BEFD67}.Release|x86.Build.0 = Release|Win32
		{1318EB09-3C47-4055-93F4-0EE7541737C5}.Debug|x64.ActiveCfg = Debug|x64
		{1318EB09-3C47-4055-93F4-0EE7541737C5}.Debug|x64.Build.0 = Debug|x64
		{1318EB09-3C47-4055-93F4-0EE7541737C5}.Debug|x86.ActiveCfg = Debug|Win32
		{1318EB09-3C47-4055-93F4-0EE7541737C5}.Debug|x86.Build.0 = Debug|Win32
		{1318EB09-3C47-4055-93F4-0EE7541737C5}.Release|x64.ActiveCfg = Release|x64
		{1318EB09-3C47-4055-93F4-0EE7541737C5}.Release|x64.Build.0 = Release|x64
		{1318EB09-3C47-4055-93F4-0EE7541737C5}.Release|x86.ActiveCfg = Release|Win32
		{1318EB09-3C47-4055-93F4-0EE7541737C5}.Release|x86.Build.0 = Release|Win32
		{CB8F3A4D-C85F-48B3-8CAB-53DA3C974246}.Debug|x64.ActiveCfg = Debug|x64
		{CB8F3A4D-C85F-48B3-8CAB-53DA3C974246}.Debug|x64.Build.0 = Debug|x64
		{CB8F3A4D-C85F-48B3-8CAB-53DA3C974246}.Debug|x86.ActiveCfg = Debug|Win32
		{CB8F3A4D-C85F-48B3-8CAB-53DA3C974246}.Debug|x86.Build.0 = Debug|Win32
		{CB8F3A4D-C85F-48B3-8CAB-53DA3C974246}.Release|x64.ActiveCfg = Release|x64
		{CB8F3A4D-C85F-48B3-8CAB-53DA3C974246}.Release|x64.Build.0 = Release|x64
		{CB8F3A4D-C85F-48B3-8CAB-53DA3C974246}.Release|x86.ActiveCfg = Release|Win32
		{CB8F3A4D-C85F-48B3-8CAB-53DA3C974246}.Release|x86.Build.0 = Release|Win32
		{69832440-8C5B-43A4-A966-55DDA7E21622}.Debug|x64.ActiveCfg = Debug|x64
		{69832440-8C5B-43A4-A966-55DDA7E21622}.Debug|x64.Build.0 = Debug|x64
		{69832440-8C5B-43A4-A966-55DDA7E21622}.Debug|x86.ActiveCfg = Debug|Win32
		{69832440-8C5B-43A4-A966-55DDA7E21622}.Debug|x86.Build.0 = Debug|Win32
		{69832440-8C5B-43A4-A966-55DDA7E21622}.Release|x64.ActiveCfg = Release|x64
		{69832440-8C5B-43A4-A966-55DDA7E21622}.Release|x64.Build.0 = Release|x64
		{69832440-8C5B-43A4-A966-55DDA7E21622}.Release|x86.ActiveCfg = Release|Win32
		{69832440-8C5B-43A4-A966-55DDA7E21622}.Release|x86.Build.0 = Release|Win32
		{084E6EB9-160D-4D48-B892-9ADE7197D037}.Debug|x64.ActiveCfg = Debug|x64
		{084E6EB9-160D-4D48-B892-9ADE7197D037}.Debug|x64.Build.0 = Debug|x64
		{084E6EB9-160D-4D48-B892-9ADE7197D037}.Debug|x86.ActiveCfg = Debug|Win32
		{084E6EB9-160D-4D48-B892-9ADE7197D037}.Debug|x86.Build.0 = Debug|Win32
		{084E6EB9-160D-4D48-B892-9ADE7197D037}.Release|x64.ActiveCfg = Release|x64
		{084E6EB9-160D-4D48-B892-9ADE7197D037}.Release|x64.Build.0 = Release|x64
		{084E6EB9-160D-4D48-B892-9ADE7197D037}.Release|x86.ActiveCfg = Release|Win32
		{084E6EB9-160D-4D48-B892-9ADE7197D037}.Release|x86.Build.0 = Release|Win32
		{3FC445C5-E82B-478A-B277-7E7E3BEE0A65}.Debug|x64.ActiveCfg = Debug|x64
		{3FC445C5-E82B-478A-B277-7E7E3BEE0A65}.Debug|x64.Build.0 = Debug|x64
		{3FC445C5-E82B-478A-B277-7E7E3BEE0A65}.Debug|x86.ActiveCfg = Debug|Win32
		{3FC445C5-E82B-478A-B277-7E7E3BEE0A65}.Debug|x86.Build.0 = Debug|Win32
		{3FC445C5-E82B-478A-B277-7E7E3BEE0A65}.Release|x64.ActiveCfg = Release|x64
		{3FC445C5-E82B-478A-B277-7E7E3BEE0A65}.Release|x64.Build.0 = Release|x64
		{3FC445C5-E82B-478A-B277-7E7E3BEE0A65}.Release|x86.ActiveCfg = Release|Win32
		{3FC445C5-E82B-478A-B277-7E7E3BEE0A65}.Release|x86.Build.0 = Release|Win32
		{3D9B93D7-96B6-415B-852A-1A9F4ED421B4}.Debug|x64.ActiveCfg = Debug|x64
		{3D9B93D7-96B6-415B-852A-1A9F4ED421B4}.Debug|x64.Build.0 = Debug|x64
		{3D9B93D7-96B6-415B-852A-1A9F4ED421B4}.Debug|x86.ActiveCfg = Debug|Win32
		{3D9B93D7-96B6-415B-852A-1A9F4ED421B4}.Debug|x86.Build.0 = Debug|Win32
		{3D9B93D7-96B6-415B-852A-1A9F4ED421B4}.Release|x64.ActiveCfg = Release|x64
		{3D9B93D7-96B6-415B-852A-1A9F4ED421B4}.Release|x64.Build.0 = Release|x64
		{3D9B93D7-96B6-415B-852A-1A9F4ED421B4}.Release|x86.ActiveCfg = Release|Win32
		{3D9B93D7-96B6-415B-852A-1A9F4ED421B4}.Release|x86.Build.0 = Release|Win32
		{28DFBD37-BDD8-4E87-B7E7-9CBC467B80FF}.Debug|x64.ActiveCfg = Debug|x64
		{28DFBD37-BDD8-4E87-B7E7-9CBC467B80FF}.Debug|x64.Build.0 = Debug|x64
		{28DFBD37-BDD8-4E87-B7E7-9CBC467B80FF}.Debug|x86.ActiveCfg = Debug|Win32
		{28DFBD37-BDD8-4E87-B7E7-9CBC467B80FF}.Debug|x86.Build.0 = Debug|Win32
		{28DFBD37-BDD8-4E87-B7E7-9CBC467B80FF}.Release|x64.ActiveCfg = Release|x64
		{28DFBD37-BDD8-4E87-B7E7-9CBC467B80FF}.Release|x64.Build.0 = Release|x64
		{28DFBD37-BDD8-4E87-B7E7-9CBC467B80FF}.Release|x86.ActiveCfg = Release|Win32
		{28DFBD37-BDD8-4E87-B7E7-9CBC467B80FF}.Release|x86.Build.0 = Release|Win32
		{7C164C52-2715-4094-A5E9-D04EFB1C79FD}.Debug|x64.ActiveCfg = Debug|x64
		{7C164C52-2715-4094-A5E9-D04EFB1C79FD}.Debug|x64.Build.0 = Debug|x64
		{7C164C52-2715-4094-A5E9-D04EFB1C79FD}.Debug|x86.ActiveCfg = Debug|Win32
		{7C164C52-2715-4094-A5E9-D04EFB1C79FD}.Debug|x86.Build.0 = Debug|Win32
		{7C164C52-2715-4094-A5E9-D04EFB1C79FD}.Release|x64.ActiveCfg = Release|x64
		{7C164C52-2715-4094-A5E9-D04EFB1C79FD}.Release|x64.Build.0 = Release|x64
		{7C164C52-2715-4094-A5E9-D04EFB1C79FD}.Release|x86.ActiveCfg = Release|Win32
		{7C164C52-2715-4094-A5E9-D04EFB1C79FD}.Release|x86.Build.0 = Release|Win32
		{08F547D9-46B8-48F9-A417-DE71BAC6D4CD}.Debug|x64.ActiveCfg = Debug|x64
		{08F547D9-46B8-48F9-A417-DE71BAC6D4CD}.Debug|x64.Build.0 = Debug|x64
		{08F547D9-46B8-48F9-A417-DE71BAC6D4CD}.Debug|x86.ActiveCfg = Debug|Win32
		{08F547D9-46B8-48F9-A417-DE71BAC6D4CD}.Debug|x86.Build.0 = Debug|Win32
		{08F547D9-46B8-48F9-A417-DE71BAC6D4CD}.Release|x64.ActiveCfg = Release|x64
		{08F547D9-46B8-48F9-A417-DE71BAC6D4CD}.Release|x64.Build.0 = Release|x64
		{08F547D9-46B8-48F9-A417-DE71BAC6D4CD}.Release|x86.ActiveCfg = Release|Win32
		{08F547D9-46B8-48F9-A417-DE71BAC6D4CD}.Release|x86.Build.0 = Release|Win32
		{7CA5A7BA-362F-4E98-A562-4520D2A2A447}.Debug|x64.ActiveCfg = Debug|x64
		{7CA5A7BA-362F-4E98-A562-4520D2A2A447}.Debug|x64.Build.0 = Debug|x64
		{7CA5A7BA-362F-4E98-A562-4520D2A2A447}.Debug|x86.ActiveCfg = Debug|Win32
		{7CA5A7BA-362F-4E98-A562-4520D2A2A447}.Debug|x86.Build.0 = Debug|Win32
		{7CA5A7BA-362F-4E98-A562-4520D2A2A447}.Release|x64.ActiveCfg = Release|x64
		{7CA5A7BA-362F-4E98-A562-4520D2A2A447}.Release|x64.Build.0 = Release|x64
		{7CA5A7BA-362F-4E98-A562-4520D2A2A447}.Release|x86.ActiveCfg = Release|Win32
		{7CA5A7BA-362F-4E98-A562-4520D2A2A447}.Release|x86.Build.0 = Release|Win32
		{32688E04-A113-4D50-B728-EB854088E6C5}.Debug|x64.ActiveCfg = Debug|x64
		{32688E04-A113-4D50-B728-EB854088E6C5}.Debug|x64.Build.0 = Debug|x64
		{32688E04-A113-4D50-B728-EB854088E6C5}.Debug|x86.ActiveCfg = Debug|Win32
		{32688E04-A113-4D50-B728-EB854088E6C5}.Debug|x86.Build.0 = Debug|Win32
		{32688E04-A113-4D50-B728-EB854088E6C5}.Release|x64.ActiveCfg = Release|x64
		{32688E04-A113-4D50-B728-EB854088E6C5}.Release|x64.Build.0 = Release|x64
		{32688E04-A113-4D50-B728-EB854088E6C5}.Release|x86.ActiveCfg = Release|Win32
		{32688E04-A113-4D50-B728-EB854088E6C5}.Release|x86.Build.0 = Release|Win32
		{A965EBF5-7EB6-4B2D-AC89-BDBB8DD2ED3E}.Debug|x64.ActiveCfg = Debug|x64
		{A965EBF5-7EB6-4B2D-AC89-BDBB8DD2ED3E}.Debug|x64.Build.0 = Debug|x64
		{A965EBF5-7EB6-4B2D-AC89-BDBB8DD2ED3E}.Debug|x86.ActiveCfg = Debug|Win32
		{A965EBF5-7EB6-4B2D-AC89-BDBB8DD2ED3E}.Debug|x86.Build.0 = Debug|Win32
		{A965EBF5-7EB6-4B2D-AC89-BDBB8DD2ED3E}.Release|x64.ActiveCfg = Release|x64
		{A965EBF5-7EB6-4B2D-AC89-BDBB8DD2ED3E}.Release|x64.Build.0 = Release|x64
		{A965EBF5-7EB6-4B2D-AC89-BDBB8DD2ED3E}.Release|x86.ActiveCfg = Release|Win32
		{A965EBF5-7EB6-4B2D-AC89-BDBB8DD2ED3E}.Release|x86.Build.0 = Release|Win32
	EndGlobalSection
	GlobalSection(SolutionProperties) = preSolution
		HideSolutionNode = FALSE
	EndGlobalSection
	GlobalSection(ExtensibilityGlobals) = postSolution
		SolutionGuid = {70714505-0E7C-4738-A97C-319EB3D0CC90}
	EndGlobalSection
EndGlobal
