<?xml version="1.0" encoding="utf-8"?>
<Project ToolsVersion="4.0" xmlns="http://schemas.microsoft.com/developer/msbuild/2003">
  <ItemGroup>
    <Filter Include="Source Files">
      <UniqueIdentifier>{4FC737F1-C7A5-4376-A066-2A32D752A2FF}</UniqueIdentifier>
      <Extensions>cpp;c;cc;cxx;def;odl;idl;hpj;bat;asm;asmx</Extensions>
    </Filter>
    <Filter Include="Header Files">
      <UniqueIdentifier>{93995380-89BD-4b04-88EB-625FBE52EBFB}</UniqueIdentifier>
      <Extensions>h;hh;hpp;hxx;hm;inl;inc;xsd</Extensions>
    </Filter>
    <Filter Include="Resource Files">
      <UniqueIdentifier>{67DA6AB6-F800-4c08-8B7A-83BB121AAD01}</UniqueIdentifier>
      <Extensions>rc;ico;cur;bmp;dlg;rc2;rct;bin;rgs;gif;jpg;jpeg;jpe;resx;tiff;tif;png;wav;mfcribbon-ms</Extensions>
    </Filter>
  </ItemGroup>
  <ItemGroup>
    <Text Include="ReadMe.txt" />
  </ItemGroup>
  <ItemGroup>
    <ClInclude Include="stdafx.h">
      <Filter>Header Files</Filter>
    </ClInclude>
    <ClInclude Include="targetver.h">
      <Filter>Header Files</Filter>
    </ClInclude>
    <ClInclude Include="resource.h">
      <Filter>Header Files</Filter>
    </ClInclude>
  </ItemGroup>
  <ItemGroup>
    <ClCompile Include="stdafx.cpp">
      <Filter>Source Files</Filter>
    </ClCompile>
    <ClCompile Include="chOpsDownloadReports.cpp">
      <Filter>Source Files</Filter>
    </ClCompile>
    <ClCompile Include="..\cyclOps\Automail.cpp">
      <Filter>Source Files</Filter>
    </ClCompile>
    <ClCompile Include="..\cyclOps\CommandLinebacker.cpp">
      <Filter>Source Files</Filter>
    </ClCompile>
    <ClCompile Include="..\cyclOps\cyclOps.cpp">
      <Filter>Source Files</Filter>
    </ClCompile>
    <ClCompile Include="..\cyclOps\Encryptigator.cpp">
      <Filter>Source Files</Filter>
    </ClCompile>
    <ClCompile Include="..\cyclOps\HTTPopotamus.cpp">
      <Filter>Source Files</Filter>
    </ClCompile>
    <ClCompile Include="..\cyclOps\JNIJunkie.cpp">
      <Filter>Source Files</Filter>
    </ClCompile>
    <ClCompile Include="..\cyclOps\JNIRequest.cpp">
      <Filter>Source Files</Filter>
    </ClCompile>
    <ClCompile Include="..\cyclOps\JNIResponse.cpp">
      <Filter>Source Files</Filter>
    </ClCompile>
    <ClCompile Include="..\cyclOps\LDAPadillo.cpp">
      <Filter>Source Files</Filter>
    </ClCompile>
    <ClCompile Include="..\cyclOps\Logger.cpp">
      <Filter>Source Files</Filter>
    </ClCompile>
    <ClCompile Include="..\cyclOps\NetworkNanny.cpp">
      <Filter>Source Files</Filter>
    </ClCompile>
    <ClCompile Include="..\cyclOps\ODBCColumn.cpp">
      <Filter>Source Files</Filter>
    </ClCompile>
    <ClCompile Include="..\cyclOps\ODBCResultSet.cpp">
      <Filter>Source Files</Filter>
    </ClCompile>
    <ClCompile Include="..\cyclOps\ODBCulator.cpp">
      <Filter>Source Files</Filter>
    </ClCompile>
    <ClCompile Include="..\cyclOps\Pathiosocic.cpp">
      <Filter>Source Files</Filter>
    </ClCompile>
    <ClCompile Include="..\cyclOps\PerformancePumpkin.cpp">
      <Filter>Source Files</Filter>
    </ClCompile>
    <ClCompile Include="..\cyclOps\RegExtravaganza.cpp">
      <Filter>Source Files</Filter>
    </ClCompile>
    <ClCompile Include="..\cyclOps\SMTPecanPie.cpp">
      <Filter>Source Files</Filter>
    </ClCompile>
    <ClCompile Include="..\cyclOps\StringEmUp.cpp">
      <Filter>Source Files</Filter>
    </ClCompile>
    <ClCompile Include="..\cyclOps\Strung.cpp">
      <Filter>Source Files</Filter>
    </ClCompile>
    <ClCompile Include="..\cyclOps\TimeTiger.cpp">
      <Filter>Source Files</Filter>
    </ClCompile>
    <ClCompile Include="..\cyclOps\XMLigator.cpp">
      <Filter>Source Files</Filter>
    </ClCompile>
  </ItemGroup>
  <ItemGroup>
    <ResourceCompile Include="chOpsDownloadReports.rc">
      <Filter>Resource Files</Filter>
    </ResourceCompile>
  </ItemGroup>
</Project>