<?xml version="1.0" encoding="utf-8"?>
<Project ToolsVersion="4.0" xmlns="http://schemas.microsoft.com/developer/msbuild/2003">
  <ItemGroup>
    <Filter Include="Source Files">
      <UniqueIdentifier>{4FC737F1-C7A5-4376-A066-2A32D752A2FF}</UniqueIdentifier>
      <Extensions>cpp;c;cc;cxx;c++;cppm;ixx;def;odl;idl;hpj;bat;asm;asmx</Extensions>
    </Filter>
    <Filter Include="Header Files">
      <UniqueIdentifier>{93995380-89BD-4b04-88EB-625FBE52EBFB}</UniqueIdentifier>
      <Extensions>h;hh;hpp;hxx;h++;hm;inl;inc;ipp;xsd</Extensions>
    </Filter>
    <Filter Include="Resource Files">
      <UniqueIdentifier>{67DA6AB6-F800-4c08-8B7A-83BB121AAD01}</UniqueIdentifier>
      <Extensions>rc;ico;cur;bmp;dlg;rc2;rct;bin;rgs;gif;jpg;jpeg;jpe;resx;tiff;tif;png;wav;mfcribbon-ms</Extensions>
    </Filter>
  </ItemGroup>
  <ItemGroup>
    <ClCompile Include="UTF-16toSTDOUT.cpp">
      <Filter>Source Files</Filter>
    </ClCompile>
    <ClCompile Include="..\cyclOps\Automail.cpp">
      <Filter>Source Files</Filter>
    </ClCompile>
    <ClCompile Include="..\cyclOps\CommandLinebacker.cpp">
      <Filter>Source Files</Filter>
    </ClCompile>
    <ClCompile Include="..\cyclOps\cyclOps.cpp">
      <Filter>Source Files</Filter>
    </ClCompile>
    <ClCompile Include="..\cyclOps\Encryptigator.cpp">
      <Filter>Source Files</Filter>
    </ClCompile>
    <ClCompile Include="..\cyclOps\HTTPopotamus.cpp">
      <Filter>Source Files</Filter>
    </ClCompile>
    <ClCompile Include="..\cyclOps\JNIJunkie.cpp">
      <Filter>Source Files</Filter>
    </ClCompile>
    <ClCompile Include="..\cyclOps\JNIRequest.cpp">
      <Filter>Source Files</Filter>
    </ClCompile>
    <ClCompile Include="..\cyclOps\JNIResponse.cpp">
      <Filter>Source Files</Filter>
    </ClCompile>
    <ClCompile Include="..\cyclOps\LDAPadillo.cpp">
      <Filter>Source Files</Filter>
    </ClCompile>
    <ClCompile Include="..\cyclOps\Logger.cpp">
      <Filter>Source Files</Filter>
    </ClCompile>
    <ClCompile Include="..\cyclOps\NetworkNanny.cpp">
      <Filter>Source Files</Filter>
    </ClCompile>
    <ClCompile Include="..\cyclOps\ODBCColumn.cpp">
      <Filter>Source Files</Filter>
    </ClCompile>
    <ClCompile Include="..\cyclOps\ODBCResultSet.cpp">
      <Filter>Source Files</Filter>
    </ClCompile>
    <ClCompile Include="..\cyclOps\ODBCulator.cpp">
      <Filter>Source Files</Filter>
    </ClCompile>
    <ClCompile Include="..\cyclOps\Pathiosocic.cpp">
      <Filter>Source Files</Filter>
    </ClCompile>
    <ClCompile Include="..\cyclOps\PerformancePumpkin.cpp">
      <Filter>Source Files</Filter>
    </ClCompile>
    <ClCompile Include="..\cyclOps\RegExtravaganza.cpp">
      <Filter>Source Files</Filter>
    </ClCompile>
    <ClCompile Include="..\cyclOps\SMTPecanPie.cpp">
      <Filter>Source Files</Filter>
    </ClCompile>
    <ClCompile Include="..\cyclOps\STLadocious.cpp">
      <Filter>Source Files</Filter>
    </ClCompile>
    <ClCompile Include="..\cyclOps\StringEmUp.cpp">
      <Filter>Source Files</Filter>
    </ClCompile>
    <ClCompile Include="..\cyclOps\Strung.cpp">
      <Filter>Source Files</Filter>
    </ClCompile>
    <ClCompile Include="..\cyclOps\TimeTiger.cpp">
      <Filter>Source Files</Filter>
    </ClCompile>
    <ClCompile Include="..\cyclOps\XMLigator.cpp">
      <Filter>Source Files</Filter>
    </ClCompile>
    <ClCompile Include="..\whoOps\ACLAmigo.cpp">
      <Filter>Source Files</Filter>
    </ClCompile>
    <ClCompile Include="..\whoOps\BeanShare.cpp">
      <Filter>Source Files</Filter>
    </ClCompile>
    <ClCompile Include="..\whoOps\Constants.cpp">
      <Filter>Source Files</Filter>
    </ClCompile>
    <ClCompile Include="..\whoOps\ErroroneousMonk.cpp">
      <Filter>Source Files</Filter>
    </ClCompile>
    <ClCompile Include="..\whoOps\ExceptionGeneric.cpp">
      <Filter>Source Files</Filter>
    </ClCompile>
    <ClCompile Include="..\whoOps\ExceptionWhoOps.cpp">
      <Filter>Source Files</Filter>
    </ClCompile>
    <ClCompile Include="..\whoOps\FileFeeFoFum.cpp">
      <Filter>Source Files</Filter>
    </ClCompile>
    <ClCompile Include="..\whoOps\FileVersionInfo.cpp">
      <Filter>Source Files</Filter>
    </ClCompile>
    <ClCompile Include="..\whoOps\Impersonationizer.cpp">
      <Filter>Source Files</Filter>
    </ClCompile>
    <ClCompile Include="..\whoOps\JNIResponseShareshankRedemption.cpp">
      <Filter>Source Files</Filter>
    </ClCompile>
    <ClCompile Include="..\whoOps\ProcessPrincess.cpp">
      <Filter>Source Files</Filter>
    </ClCompile>
    <ClCompile Include="..\whoOps\RegistryRhinoceros.cpp">
      <Filter>Source Files</Filter>
    </ClCompile>
    <ClCompile Include="..\whoOps\ServiceInstalligator.cpp">
      <Filter>Source Files</Filter>
    </ClCompile>
    <ClCompile Include="..\whoOps\SessionSuckah.cpp">
      <Filter>Source Files</Filter>
    </ClCompile>
    <ClCompile Include="..\whoOps\Share.cpp">
      <Filter>Source Files</Filter>
    </ClCompile>
    <ClCompile Include="..\whoOps\ShareACE.cpp">
      <Filter>Source Files</Filter>
    </ClCompile>
    <ClCompile Include="..\whoOps\ShareshankRedemption.cpp">
      <Filter>Source Files</Filter>
    </ClCompile>
    <ClCompile Include="..\whoOps\ShutdownShark.cpp">
      <Filter>Source Files</Filter>
    </ClCompile>
    <ClCompile Include="..\whoOps\Taskadoodledoo.cpp">
      <Filter>Source Files</Filter>
    </ClCompile>
    <ClCompile Include="..\whoOps\whoOps.cpp">
      <Filter>Source Files</Filter>
    </ClCompile>
    <ClCompile Include="..\whoOps\WMIAmTheWalrus.cpp">
      <Filter>Source Files</Filter>
    </ClCompile>
    <ClCompile Include="..\whoOps\WMIClass.cpp">
      <Filter>Source Files</Filter>
    </ClCompile>
  </ItemGroup>
</Project>